
Microsoft Visual Studio Solution File, Format Version 12.00
# Visual Studio Version 17
VisualStudioVersion = 17.9.34607.119
MinimumVisualStudioVersion = 10.0.40219.1
Project("{FAE04EC0-301F-11D3-BF4B-00C04F79EFBC}") = "ArchitecturePatterns", "ArchitecturePatterns.csproj", "{75632A9B-781E-4C91-BAB6-A82B58ABD449}"
EndProject
Global
	GlobalSection(SolutionConfigurationPlatforms) = preSolution
		Debug|Any CPU = Debug|Any CPU
		Release|Any CPU = Release|Any CPU
	EndGlobalSection
	GlobalSection(ProjectConfigurationPlatforms) = postSolution
		{75632A9B-781E-4C91-BAB6-A82B58ABD449}.Debug|Any CPU.ActiveCfg = Debug|Any CPU
		{75632A9B-781E-4C91-BAB6-A82B58ABD449}.Debug|Any CPU.Build.0 = Debug|Any CPU
		{75632A9B-781E-4C91-BAB6-A82B58ABD449}.Release|Any CPU.ActiveCfg = Release|Any CPU
		{75632A9B-781E-4C91-BAB6-A82B58ABD449}.Release|Any CPU.Build.0 = Release|Any CPU
	EndGlobalSection
	GlobalSection(SolutionProperties) = preSolution
		HideSolutionNode = FALSE
	EndGlobalSection
	GlobalSection(ExtensibilityGlobals) = postSolution
		SolutionGuid = {59E86A89-2D1E-4D31-B7A5-2622EAC132CD}
	EndGlobalSection
EndGlobal
